
Microsoft Visual Studio Solution File, Format Version 12.00
# Visual Studio Version 16
VisualStudioVersion = 16.0.30011.22
MinimumVisualStudioVersion = 10.0.40219.1
Project("{8BC9CEB8-8B4A-11D0-8D11-00A0C91BC942}") = "AiSnake", "AiSnake\AiSnake.vcxproj", "{EC22225E-3E8E-43F9-BCDF-7911A126C863}"
EndProject
Global
	GlobalSection(SolutionConfigurationPlatforms) = preSolution
		Debug|x64 = Debug|x64
		Debug|x86 = Debug|x86
		Release|x64 = Release|x64
		Release|x86 = Release|x86
	EndGlobalSection
	GlobalSection(ProjectConfigurationPlatforms) = postSolution
		{EC22225E-3E8E-43F9-BCDF-7911A126C863}.Debug|x64.ActiveCfg = Debug|x64
		{EC22225E-3E8E-43F9-BCDF-7911A126C863}.Debug|x64.Build.0 = Debug|x64
		{EC22225E-3E8E-43F9-BCDF-7911A126C863}.Debug|x86.ActiveCfg = Debug|Win32
		{EC22225E-3E8E-43F9-BCDF-7911A126C863}.Debug|x86.Build.0 = Debug|Win32
		{EC22225E-3E8E-43F9-BCDF-7911A126C863}.Release|x64.ActiveCfg = Release|x64
		{EC22225E-3E8E-43F9-BCDF-7911A126C863}.Release|x64.Build.0 = Release|x64
		{EC22225E-3E8E-43F9-BCDF-7911A126C863}.Release|x86.ActiveCfg = Release|Win32
		{EC22225E-3E8E-43F9-BCDF-7911A126C863}.Release|x86.Build.0 = Release|Win32
	EndGlobalSection
	GlobalSection(SolutionProperties) = preSolution
		HideSolutionNode = FALSE
	EndGlobalSection
	GlobalSection(ExtensibilityGlobals) = postSolution
		SolutionGuid = {E5C3409D-C162-4121-B755-27136BC33385}
	EndGlobalSection
EndGlobal
